
Microsoft Visual Studio Solution File, Format Version 12.00
Project("{FAE04EC0-301F-11D3-BF4B-00C04F79EFBC}") = "Cwiczenie2", "Cwiczenie2.csproj", "{BEC24761-372B-4E11-9B30-CAB73402DAF7}"
EndProject
Global
	GlobalSection(SolutionConfigurationPlatforms) = preSolution
		Debug|Any CPU = Debug|Any CPU
		Release|Any CPU = Release|Any CPU
	EndGlobalSection
	GlobalSection(ProjectConfigurationPlatforms) = postSolution
		{BEC24761-372B-4E11-9B30-CAB73402DAF7}.Debug|Any CPU.ActiveCfg = Debug|Any CPU
		{BEC24761-372B-4E11-9B30-CAB73402DAF7}.Debug|Any CPU.Build.0 = Debug|Any CPU
		{BEC24761-372B-4E11-9B30-CAB73402DAF7}.Release|Any CPU.ActiveCfg = Release|Any CPU
		{BEC24761-372B-4E11-9B30-CAB73402DAF7}.Release|Any CPU.Build.0 = Release|Any CPU
	EndGlobalSection
EndGlobal
